%{
  "block_keys": {:hex, :block_keys, "0.1.9", "3e236427b27bd284f3d2eab5d5549cdd0912ca451e32e6ffb134ca133411a120", [:mix], [{:keccakf1600, "~> 2.0", [hex: :keccakf1600_otp23, repo: "hexpm", optional: false]}, {:libsecp256k1, "~> 0.1.9", [hex: :libsecp256k1, repo: "hexpm", optional: false]}], "hexpm", "8d2f7451e1ecca764ffbc9a19235ce308ae485378ac0ee2f51641a9176731511"},
  "comeonin": {:hex, :comeonin, "5.3.2", "5c2f893d05c56ae3f5e24c1b983c2d5dfb88c6d979c9287a76a7feb1e1d8d646", [:mix], [], "hexpm", "d0993402844c49539aeadb3fe46a3c9bd190f1ecf86b6f9ebd71957534c95f04"},
  "ex_secp256k1": {:hex, :ex_secp256k1, "0.1.2", "affe4e0fa1adc085ab47d7ab3cc44d594249d24bd0a37a9002f6648d112c2081", [:mix], [{:rustler, "~> 0.21.1 ", [hex: :rustler, repo: "hexpm", optional: false]}], "hexpm", "8ae0131380ada331b15924b563f89e7f56b4e74cc10978f3ea0836589e87730a"},
  "jason": {:hex, :jason, "1.2.2", "ba43e3f2709fd1aa1dce90aaabfd039d000469c05c56f0b8e31978e03fa39052", [:mix], [{:decimal, "~> 1.0 or ~> 2.0", [hex: :decimal, repo: "hexpm", optional: true]}], "hexpm", "18a228f5f0058ee183f29f9eae0805c6e59d61c3b006760668d8d18ff0d12179"},
  "keccakf1600": {:hex, :keccakf1600_otp23, "2.0.0", "77f7a1002b9f2972d991cfddb771fb71f600b6f0c125e82f01dff619a9292cb3", [:rebar3], [], "hexpm", "627691e1049eeccec3a12f3fa5d9df33f06dd5a7b81b5f7ebcb152c96d5c87c9"},
  "libsecp256k1": {:hex, :libsecp256k1, "0.1.10", "d27495e2b9851c7765129b76c53b60f5e275bd6ff68292c50536bf6b8d091a4d", [:make, :mix], [{:mix_erlang_tasks, "0.1.0", [hex: :mix_erlang_tasks, repo: "hexpm", optional: false]}], "hexpm", "09ea06239938571124f7f5a27bc9ac45dfb1cfc2df40d46ee9b59c3d51366652"},
  "mime": {:hex, :mime, "1.6.0", "dabde576a497cef4bbdd60aceee8160e02a6c89250d6c0b29e56c0dfb00db3d2", [:mix], [], "hexpm", "31a1a8613f8321143dde1dafc36006a17d28d02bdfecb9e95a880fa7aabd19a7"},
  "mix_erlang_tasks": {:hex, :mix_erlang_tasks, "0.1.0", "36819fec60b80689eb1380938675af215565a89320a9e29c72c70d97512e4649", [:mix], [], "hexpm", "95d2839c422c482a70c08a8702da8242f86b773f8ab6e8602a4eb72da8da04ed"},
  "mnemo": {:hex, :mnemo, "0.1.3", "ff7e74c1e2ff13ba89535124a6d69056a2b7fc84e15a8f64c0168e92e6ff44a2", [:mix], [{:jason, "~> 1.1", [hex: :jason, repo: "hexpm", optional: false]}, {:pbkdf2_elixir, "~> 1.1", [hex: :pbkdf2_elixir, repo: "hexpm", optional: false]}], "hexpm", "26ac8f6318f5ec69be36fa183714206ad416c653151e3a03457a3651ef4c68be"},
  "pbkdf2_elixir": {:hex, :pbkdf2_elixir, "1.4.0", "2f17e18101eaa3a96de6cc8fcfc96ad0282bb5128c50ccae702e68a5838fca90", [:mix], [{:comeonin, "~> 5.3", [hex: :comeonin, repo: "hexpm", optional: false]}], "hexpm", "746a84cfe3943e81a0518c9dcc3a67e08d947fb4c2b648433789c37c5134023d"},
  "rustler": {:hex, :rustler, "0.21.1", "5299980be32da997c54382e945bacaa015ed97a60745e1e639beaf6a7b278c65", [:mix], [{:toml, "~> 0.5.2", [hex: :toml, repo: "hexpm", optional: false]}], "hexpm", "6ee1651e10645b2b2f3bb70502bf180341aa058709177e9bc28c105934094bc6"},
  "tesla": {:hex, :tesla, "1.4.1", "ff855f1cac121e0d16281b49e8f066c4a0d89965f98864515713878cca849ac8", [:mix], [{:castore, "~> 0.1", [hex: :castore, repo: "hexpm", optional: true]}, {:exjsx, ">= 3.0.0", [hex: :exjsx, repo: "hexpm", optional: true]}, {:finch, "~> 0.3", [hex: :finch, repo: "hexpm", optional: true]}, {:fuse, "~> 2.4", [hex: :fuse, repo: "hexpm", optional: true]}, {:gun, "~> 1.3", [hex: :gun, repo: "hexpm", optional: true]}, {:hackney, "~> 1.6", [hex: :hackney, repo: "hexpm", optional: true]}, {:ibrowse, "~> 4.4.0", [hex: :ibrowse, repo: "hexpm", optional: true]}, {:jason, ">= 1.0.0", [hex: :jason, repo: "hexpm", optional: true]}, {:mime, "~> 1.0", [hex: :mime, repo: "hexpm", optional: false]}, {:mint, "~> 1.0", [hex: :mint, repo: "hexpm", optional: true]}, {:poison, ">= 1.0.0", [hex: :poison, repo: "hexpm", optional: true]}, {:telemetry, "~> 0.4", [hex: :telemetry, repo: "hexpm", optional: true]}], "hexpm", "95f5de35922c8c4b3945bee7406f66eb680b0955232f78f5fb7e853aa1ce201a"},
  "toml": {:hex, :toml, "0.5.2", "e471388a8726d1ce51a6b32f864b8228a1eb8edc907a0edf2bb50eab9321b526", [:mix], [], "hexpm", "f1e3dabef71fb510d015fad18c0e05e7c57281001141504c6b69d94e99750a07"},
}
